# This file was autogenerated by Stack.
# You should not edit this file by hand.
# For more information, please see the documentation at:
#   https://docs.haskellstack.org/en/stable/lock_files

packages:
- completed:
    hackage: network-multicast-0.3.2@sha256:521547635a6afae408ec25193b3e429082dc0442668dac7ad5cea76ccee39750,979
    pantry-tree:
      size: 393
      sha256: 3a7b55c4427288622cb2b21a14dd5b4da2a7b3bcad50384db9b0435a0aaacc65
  original:
    hackage: network-multicast-0.3.2@sha256:521547635a6afae408ec25193b3e429082dc0442668dac7ad5cea76ccee39750,979
snapshots:
- completed:
    size: 532177
    url: https://raw.githubusercontent.com/commercialhaskell/stackage-snapshots/master/lts/16/20.yaml
    sha256: 0e14ba5603f01e8496e8984fd84b545a012ca723f51a098c6c9d3694e404dc6d
  original: lts-16.20
