# This file was autogenerated by Stack.
# You should not edit this file by hand.
# For more information, please see the documentation at:
#   https://docs.haskellstack.org/en/stable/lock_files

packages:
- completed:
    hackage: network-3.1.2.0@sha256:3ace4c1cab0d8f7a0029188e0887a0526f0e148dccb4473eec65806c81df3a1d,4962
    pantry-tree:
      size: 3971
      sha256: fc7599404df3c29a28e73a298b6469b5be4511738cc4697f0372b2c755c7d89f
  original:
    hackage: network-3.1.2.0@sha256:3ace4c1cab0d8f7a0029188e0887a0526f0e148dccb4473eec65806c81df3a1d,4962
snapshots:
- completed:
    size: 532177
    url: https://raw.githubusercontent.com/commercialhaskell/stackage-snapshots/master/lts/16/20.yaml
    sha256: 0e14ba5603f01e8496e8984fd84b545a012ca723f51a098c6c9d3694e404dc6d
  original: lts-16.20
